
Microsoft Visual Studio Solution File, Format Version 11.00
# Visual Studio 2010
Project("{E24C65DC-7377-472B-9ABA-BC803B73C61A}") = "REXPMS", ".", "{B175EDFA-5753-4E3C-91CC-89BE63DE13BF}"
	ProjectSection(WebsiteProperties) = preProject
		TargetFrameworkMoniker = ".NETFramework,Version%3Dv3.5"
		Debug.AspNetCompiler.VirtualPath = "/REXPMS"
		Debug.AspNetCompiler.PhysicalPath = "..\..\..\..\Desktop\REXPMS\"
		Debug.AspNetCompiler.TargetPath = "PrecompiledWeb\REXPMS\"
		Debug.AspNetCompiler.Updateable = "true"
		Debug.AspNetCompiler.ForceOverwrite = "true"
		Debug.AspNetCompiler.FixedNames = "false"
		Debug.AspNetCompiler.Debug = "True"
		Release.AspNetCompiler.VirtualPath = "/REXPMS"
		Release.AspNetCompiler.PhysicalPath = "..\..\..\..\Desktop\REXPMS\"
		Release.AspNetCompiler.TargetPath = "PrecompiledWeb\REXPMS\"
		Release.AspNetCompiler.Updateable = "true"
		Release.AspNetCompiler.ForceOverwrite = "true"
		Release.AspNetCompiler.FixedNames = "false"
		Release.AspNetCompiler.Debug = "False"
		VWDPort = "15144"
	EndProjectSection
EndProject
Global
	GlobalSection(SolutionConfigurationPlatforms) = preSolution
		Debug|Any CPU = Debug|Any CPU
	EndGlobalSection
	GlobalSection(ProjectConfigurationPlatforms) = postSolution
		{B175EDFA-5753-4E3C-91CC-89BE63DE13BF}.Debug|Any CPU.ActiveCfg = Debug|Any CPU
		{B175EDFA-5753-4E3C-91CC-89BE63DE13BF}.Debug|Any CPU.Build.0 = Debug|Any CPU
	EndGlobalSection
	GlobalSection(SolutionProperties) = preSolution
		HideSolutionNode = FALSE
	EndGlobalSection
EndGlobal
